
Microsoft Visual Studio Solution File, Format Version 12.00
# Visual Studio Version 16
VisualStudioVersion = 25.0.1706.4
MinimumVisualStudioVersion = 10.0.40219.1
Project("{FAE04EC0-301F-11D3-BF4B-00C04F79EFBC}") = "FirstApp", "FirstApp\FirstApp.csproj", "{FF702F18-FBB1-40E7-A1E5-27D8BC33F888}"
EndProject
Global
	GlobalSection(SolutionConfigurationPlatforms) = preSolution
		Debug|Any CPU = Debug|Any CPU
		Release|Any CPU = Release|Any CPU
	EndGlobalSection
	GlobalSection(ProjectConfigurationPlatforms) = postSolution
		{FF702F18-FBB1-40E7-A1E5-27D8BC33F888}.Debug|Any CPU.ActiveCfg = Debug|Any CPU
		{FF702F18-FBB1-40E7-A1E5-27D8BC33F888}.Debug|Any CPU.Build.0 = Debug|Any CPU
		{FF702F18-FBB1-40E7-A1E5-27D8BC33F888}.Release|Any CPU.ActiveCfg = Release|Any CPU
		{FF702F18-FBB1-40E7-A1E5-27D8BC33F888}.Release|Any CPU.Build.0 = Release|Any CPU
	EndGlobalSection
	GlobalSection(SolutionProperties) = preSolution
		HideSolutionNode = FALSE
	EndGlobalSection
	GlobalSection(ExtensibilityGlobals) = postSolution
		SolutionGuid = {E4F6F9DB-B153-409C-A80D-86288C3D5C8F}
	EndGlobalSection
EndGlobal
