
Microsoft Visual Studio Solution File, Format Version 12.00
# Visual Studio Version 16
VisualStudioVersion = 25.0.1706.5
MinimumVisualStudioVersion = 10.0.40219.1
Project("{FAE04EC0-301F-11D3-BF4B-00C04F79EFBC}") = "Exercise", "Exercise\Exercise.csproj", "{B11AF1CE-4535-4958-AD81-C306411719CE}"
EndProject
Global
	GlobalSection(SolutionConfigurationPlatforms) = preSolution
		Debug|Any CPU = Debug|Any CPU
		Release|Any CPU = Release|Any CPU
	EndGlobalSection
	GlobalSection(ProjectConfigurationPlatforms) = postSolution
		{B11AF1CE-4535-4958-AD81-C306411719CE}.Debug|Any CPU.ActiveCfg = Debug|Any CPU
		{B11AF1CE-4535-4958-AD81-C306411719CE}.Debug|Any CPU.Build.0 = Debug|Any CPU
		{B11AF1CE-4535-4958-AD81-C306411719CE}.Release|Any CPU.ActiveCfg = Release|Any CPU
		{B11AF1CE-4535-4958-AD81-C306411719CE}.Release|Any CPU.Build.0 = Release|Any CPU
	EndGlobalSection
	GlobalSection(SolutionProperties) = preSolution
		HideSolutionNode = FALSE
	EndGlobalSection
	GlobalSection(ExtensibilityGlobals) = postSolution
		SolutionGuid = {A1184A50-DA5C-4BA3-8696-40A2314E616A}
	EndGlobalSection
EndGlobal
